<?xml version="1.0" encoding="utf-8"?>
<Project ToolsVersion="4.0" xmlns="http://schemas.microsoft.com/developer/msbuild/2003">
  <ItemGroup>
    <Filter Include="Shaders">
      <UniqueIdentifier>{fb7ee431-5c91-46fa-a3f7-dc00d8269316}</UniqueIdentifier>
    </Filter>
    <Filter Include="Source">
      <UniqueIdentifier>{8c8a5121-80ea-4dc6-9518-f4fedaeb5a1f}</UniqueIdentifier>
    </Filter>
  </ItemGroup>
  <ItemGroup>
    <ClCompile Include="Source\BindlessSample.cpp">
      <Filter>Source</Filter>
    </ClCompile>
    <ClCompile Include="Source\DescriptorManager.cpp">
      <Filter>Source</Filter>
    </ClCompile>
    <ClCompile Include="Source\DXSample.cpp">
      <Filter>Source</Filter>
    </ClCompile>
    <ClCompile Include="Source\Main.cpp">
      <Filter>Source</Filter>
    </ClCompile>
    <ClCompile Include="Source\Win32Application.cpp">
      <Filter>Source</Filter>
    </ClCompile>
  </ItemGroup>
  <ItemGroup>
    <ClInclude Include="Source\BindlessSample.h">
      <Filter>Source</Filter>
    </ClInclude>
    <ClInclude Include="Source\DescriptorManager.h">
      <Filter>Source</Filter>
    </ClInclude>
    <ClInclude Include="Source\DXSample.h">
      <Filter>Source</Filter>
    </ClInclude>
    <ClInclude Include="Source\DXSampleHelper.h">
      <Filter>Source</Filter>
    </ClInclude>
    <ClInclude Include="Source\Win32Application.h">
      <Filter>Source</Filter>
    </ClInclude>
    <ClInclude Include="Source\d3dx12.h">
      <Filter>Source</Filter>
    </ClInclude>
    <ClInclude Include="Shaders\include.h">
      <Filter>Shaders</Filter>
    </ClInclude>
  </ItemGroup>
  <ItemGroup>
    <FxCompile Include="Shaders\cs.hlsl">
      <Filter>Shaders</Filter>
    </FxCompile>
    <FxCompile Include="Shaders\ps.hlsl">
      <Filter>Shaders</Filter>
    </FxCompile>
    <FxCompile Include="Shaders\vs.hlsl">
      <Filter>Shaders</Filter>
    </FxCompile>
  </ItemGroup>
</Project>