<?xml version="1.0" encoding="utf-8"?>
<Project ToolsVersion="4.0" xmlns="http://schemas.microsoft.com/developer/msbuild/2003">
  <ItemGroup>
    <Filter Include="Shaders">
      <UniqueIdentifier>{fb7ee431-5c91-46fa-a3f7-dc00d8269316}</UniqueIdentifier>
    </Filter>
    <Filter Include="Source">
      <UniqueIdentifier>{8c8a5121-80ea-4dc6-9518-f4fedaeb5a1f}</UniqueIdentifier>
    </Filter>
    <Filter Include="External">
      <UniqueIdentifier>{55ca6601-6d68-40c1-bcd7-d0ff49774901}</UniqueIdentifier>
    </Filter>
  </ItemGroup>
  <ItemGroup>
    <ClCompile Include="Source\Renderer.cpp">
      <Filter>Source</Filter>
    </ClCompile>
    <ClCompile Include="Source\DescriptorManager.cpp">
      <Filter>Source</Filter>
    </ClCompile>
    <ClCompile Include="Source\Main.cpp">
      <Filter>Source</Filter>
    </ClCompile>
    <ClCompile Include="Source\Sample.cpp">
      <Filter>Source</Filter>
    </ClCompile>
  </ItemGroup>
  <ItemGroup>
    <ClInclude Include="Source\Renderer.h">
      <Filter>Source</Filter>
    </ClInclude>
    <ClInclude Include="Source\DescriptorManager.h">
      <Filter>Source</Filter>
    </ClInclude>
    <ClInclude Include="Shaders\include.h">
      <Filter>Shaders</Filter>
    </ClInclude>
    <ClInclude Include="External\d3dx12.h">
      <Filter>External</Filter>
    </ClInclude>
    <ClInclude Include="External\DXSampleHelper.h">
      <Filter>External</Filter>
    </ClInclude>
    <ClInclude Include="Source\Sample.h">
      <Filter>Source</Filter>
    </ClInclude>
  </ItemGroup>
  <ItemGroup>
    <FxCompile Include="Shaders\cs.hlsl">
      <Filter>Shaders</Filter>
    </FxCompile>
    <FxCompile Include="Shaders\ps.hlsl">
      <Filter>Shaders</Filter>
    </FxCompile>
    <FxCompile Include="Shaders\vs.hlsl">
      <Filter>Shaders</Filter>
    </FxCompile>
  </ItemGroup>
</Project>